// !$*UTF8*$!
{
	archiveVersion = 1;
	classes = {
	};
	objectVersion = 50;
	objects = {

/* Begin PBXBuildFile section */
		7D1FD528223B123E00B0A03B /* PersonalizaViewController.swift in Sources */ = {isa = PBXBuildFile; fileRef = 7D1FD527223B123E00B0A03B /* PersonalizaViewController.swift */; };
		7D1FD52A223B1BAB00B0A03B /* celdaBiciCollectionViewCell.swift in Sources */ = {isa = PBXBuildFile; fileRef = 7D1FD529223B1BAB00B0A03B /* celdaBiciCollectionViewCell.swift */; };
		7D1FD52C223B2C5800B0A03B /* GoogleService-Info.plist in Resources */ = {isa = PBXBuildFile; fileRef = 7D1FD52B223B2C5800B0A03B /* GoogleService-Info.plist */; };
		7D4980D92292E89E005EA139 /* Biker.swift in Sources */ = {isa = PBXBuildFile; fileRef = 7D4980D82292E89E005EA139 /* Biker.swift */; };
		7D503346225D436B00B5A0D6 /* Utils.swift in Sources */ = {isa = PBXBuildFile; fileRef = 7D503345225D436B00B5A0D6 /* Utils.swift */; };
		7D50334A225E5A3100B5A0D6 /* FinalReporteViewController.swift in Sources */ = {isa = PBXBuildFile; fileRef = 7D503349225E5A3100B5A0D6 /* FinalReporteViewController.swift */; };
		7D50E3A72245513E006A815B /* PhotosBiciViewController.swift in Sources */ = {isa = PBXBuildFile; fileRef = 7D50E3A62245513E006A815B /* PhotosBiciViewController.swift */; };
		7D5AE3712242AED800E53FCC /* ReportTableViewCell.swift in Sources */ = {isa = PBXBuildFile; fileRef = 7D5AE3702242AED800E53FCC /* ReportTableViewCell.swift */; };
		7D5AE3732242B48700E53FCC /* Report.swift in Sources */ = {isa = PBXBuildFile; fileRef = 7D5AE3722242B48700E53FCC /* Report.swift */; };
		7D80AC5F2289F8E00038AF06 /* resultSerieViewController.swift in Sources */ = {isa = PBXBuildFile; fileRef = 7D80AC5E2289F8E00038AF06 /* resultSerieViewController.swift */; };
		7D80AC61228B72FD0038AF06 /* biciPin.xib in Resources */ = {isa = PBXBuildFile; fileRef = 7D80AC60228B72FD0038AF06 /* biciPin.xib */; };
		7D80AC63228B73A30038AF06 /* Bicipin.swift in Sources */ = {isa = PBXBuildFile; fileRef = 7D80AC62228B73A30038AF06 /* Bicipin.swift */; };
		7D99F884226E76D300E1AAE5 /* TipsViewController.swift in Sources */ = {isa = PBXBuildFile; fileRef = 7D99F883226E76D300E1AAE5 /* TipsViewController.swift */; };
		7D99F886226E861500E1AAE5 /* TipTableViewCell.swift in Sources */ = {isa = PBXBuildFile; fileRef = 7D99F885226E861500E1AAE5 /* TipTableViewCell.swift */; };
		7D99F888226E8C2100E1AAE5 /* DetalleTipViewController.swift in Sources */ = {isa = PBXBuildFile; fileRef = 7D99F887226E8C2100E1AAE5 /* DetalleTipViewController.swift */; };
		7D99F88A226F8E9100E1AAE5 /* Tip.swift in Sources */ = {isa = PBXBuildFile; fileRef = 7D99F889226F8E9100E1AAE5 /* Tip.swift */; };
		7D99F88D226F978D00E1AAE5 /* ContactoViewController.swift in Sources */ = {isa = PBXBuildFile; fileRef = 7D99F88C226F978D00E1AAE5 /* ContactoViewController.swift */; };
		7DB660922241A648007AA974 /* LoginViewController.swift in Sources */ = {isa = PBXBuildFile; fileRef = 7DB660912241A648007AA974 /* LoginViewController.swift */; };
		7DD697732236E4A400810255 /* Taller.swift in Sources */ = {isa = PBXBuildFile; fileRef = 7DD697722236E4A400810255 /* Taller.swift */; };
		7DD69775223720CA00810255 /* customPin.xib in Resources */ = {isa = PBXBuildFile; fileRef = 7DD69774223720CA00810255 /* customPin.xib */; };
		7DD69777223721F300810255 /* Custompin.swift in Sources */ = {isa = PBXBuildFile; fileRef = 7DD69776223721F300810255 /* Custompin.swift */; };
		8B085181228BC3FB008EE2FC /* Bicipinview.swift in Sources */ = {isa = PBXBuildFile; fileRef = 8B085180228BC3FB008EE2FC /* Bicipinview.swift */; };
		8B1A4F8B2263D1E6003C8ABE /* DetalleCeldaCollectionViewCell.swift in Sources */ = {isa = PBXBuildFile; fileRef = 8B1A4F8A2263D1E6003C8ABE /* DetalleCeldaCollectionViewCell.swift */; };
		8B29B45E22656BAE0079280C /* RoboBiciViewController.swift in Sources */ = {isa = PBXBuildFile; fileRef = 8B29B45D22656BAE0079280C /* RoboBiciViewController.swift */; };
		8B29B460226581920079280C /* OnboardingViewController.swift in Sources */ = {isa = PBXBuildFile; fileRef = 8B29B45F226581920079280C /* OnboardingViewController.swift */; };
		8B29B46222658B980079280C /* FirstViewController.swift in Sources */ = {isa = PBXBuildFile; fileRef = 8B29B46122658B980079280C /* FirstViewController.swift */; };
		8B29B46422658BBE0079280C /* TwoViewController.swift in Sources */ = {isa = PBXBuildFile; fileRef = 8B29B46322658BBE0079280C /* TwoViewController.swift */; };
		8B29B46622658BCB0079280C /* ThirdViewController.swift in Sources */ = {isa = PBXBuildFile; fileRef = 8B29B46522658BCB0079280C /* ThirdViewController.swift */; };
		8B3D5BC122322E9800727464 /* MenuViewController.swift in Sources */ = {isa = PBXBuildFile; fileRef = 8B3D5BC022322E9800727464 /* MenuViewController.swift */; };
		8B3D5BC322322FEC00727464 /* SerieViewController.swift in Sources */ = {isa = PBXBuildFile; fileRef = 8B3D5BC222322FEC00727464 /* SerieViewController.swift */; };
		8B3D5BC52232338B00727464 /* MenuTableViewCell.swift in Sources */ = {isa = PBXBuildFile; fileRef = 8B3D5BC42232338B00727464 /* MenuTableViewCell.swift */; };
		8BA1B5B722591C0000C43529 /* ReportFragmentViewController.swift in Sources */ = {isa = PBXBuildFile; fileRef = 8BA1B5B622591C0000C43529 /* ReportFragmentViewController.swift */; };
		8BA1B5B922625BB500C43529 /* DetalleReporteViewController.swift in Sources */ = {isa = PBXBuildFile; fileRef = 8BA1B5B822625BB200C43529 /* DetalleReporteViewController.swift */; };
		8BA625A422358585008E9337 /* DataManager.swift in Sources */ = {isa = PBXBuildFile; fileRef = 8BA625A322358585008E9337 /* DataManager.swift */; };
		8BB47257222F773300D5C51D /* ReportesViewController.swift in Sources */ = {isa = PBXBuildFile; fileRef = 8BB47256222F773300D5C51D /* ReportesViewController.swift */; };
		8BB47259222F891000D5C51D /* MapKit.framework in Frameworks */ = {isa = PBXBuildFile; fileRef = 8BB47258222F891000D5C51D /* MapKit.framework */; };
		8BB95C26222C8C4000ABA1F9 /* AppDelegate.swift in Sources */ = {isa = PBXBuildFile; fileRef = 8BB95C25222C8C4000ABA1F9 /* AppDelegate.swift */; };
		8BB95C28222C8C4000ABA1F9 /* ViewController.swift in Sources */ = {isa = PBXBuildFile; fileRef = 8BB95C27222C8C4000ABA1F9 /* ViewController.swift */; };
		8BB95C2B222C8C4000ABA1F9 /* Main.storyboard in Resources */ = {isa = PBXBuildFile; fileRef = 8BB95C29222C8C4000ABA1F9 /* Main.storyboard */; };
		8BB95C2E222C8C4000ABA1F9 /* SOS_Ciclista.xcdatamodeld in Sources */ = {isa = PBXBuildFile; fileRef = 8BB95C2C222C8C4000ABA1F9 /* SOS_Ciclista.xcdatamodeld */; };
		8BB95C30222C8C4300ABA1F9 /* Assets.xcassets in Resources */ = {isa = PBXBuildFile; fileRef = 8BB95C2F222C8C4300ABA1F9 /* Assets.xcassets */; };
		8BB95C33222C8C4300ABA1F9 /* LaunchScreen.storyboard in Resources */ = {isa = PBXBuildFile; fileRef = 8BB95C31222C8C4300ABA1F9 /* LaunchScreen.storyboard */; };
		8BB95C41222F6DBA00ABA1F9 /* SWRevealViewController.m in Sources */ = {isa = PBXBuildFile; fileRef = 8BB95C40222F6DBA00ABA1F9 /* SWRevealViewController.m */; };
		BC29C3262CAFDDFE7755E8F4 /* Pods_SOS_Ciclista.framework in Frameworks */ = {isa = PBXBuildFile; fileRef = 841BCD03A32EFD4BF74C8890 /* Pods_SOS_Ciclista.framework */; };
/* End PBXBuildFile section */

/* Begin PBXFileReference section */
		2A9927F49D2B048CC70A133E /* Pods-SOS Ciclista.release.xcconfig */ = {isa = PBXFileReference; includeInIndex = 1; lastKnownFileType = text.xcconfig; name = "Pods-SOS Ciclista.release.xcconfig"; path = "Pods/Target Support Files/Pods-SOS Ciclista/Pods-SOS Ciclista.release.xcconfig"; sourceTree = "<group>"; };
		7D1FD527223B123E00B0A03B /* PersonalizaViewController.swift */ = {isa = PBXFileReference; lastKnownFileType = sourcecode.swift; path = PersonalizaViewController.swift; sourceTree = "<group>"; };
		7D1FD529223B1BAB00B0A03B /* celdaBiciCollectionViewCell.swift */ = {isa = PBXFileReference; lastKnownFileType = sourcecode.swift; path = celdaBiciCollectionViewCell.swift; sourceTree = "<group>"; };
		7D1FD52B223B2C5800B0A03B /* GoogleService-Info.plist */ = {isa = PBXFileReference; fileEncoding = 4; lastKnownFileType = text.plist.xml; path = "GoogleService-Info.plist"; sourceTree = "<group>"; };
		7D4980D82292E89E005EA139 /* Biker.swift */ = {isa = PBXFileReference; lastKnownFileType = sourcecode.swift; path = Biker.swift; sourceTree = "<group>"; };
		7D503345225D436B00B5A0D6 /* Utils.swift */ = {isa = PBXFileReference; lastKnownFileType = sourcecode.swift; path = Utils.swift; sourceTree = "<group>"; };
		7D503349225E5A3100B5A0D6 /* FinalReporteViewController.swift */ = {isa = PBXFileReference; lastKnownFileType = sourcecode.swift; path = FinalReporteViewController.swift; sourceTree = "<group>"; };
		7D50E3A62245513E006A815B /* PhotosBiciViewController.swift */ = {isa = PBXFileReference; lastKnownFileType = sourcecode.swift; path = PhotosBiciViewController.swift; sourceTree = "<group>"; };
		7D5AE3702242AED800E53FCC /* ReportTableViewCell.swift */ = {isa = PBXFileReference; lastKnownFileType = sourcecode.swift; path = ReportTableViewCell.swift; sourceTree = "<group>"; };
		7D5AE3722242B48700E53FCC /* Report.swift */ = {isa = PBXFileReference; lastKnownFileType = sourcecode.swift; path = Report.swift; sourceTree = "<group>"; };
		7D80AC5E2289F8E00038AF06 /* resultSerieViewController.swift */ = {isa = PBXFileReference; lastKnownFileType = sourcecode.swift; path = resultSerieViewController.swift; sourceTree = "<group>"; };
		7D80AC60228B72FD0038AF06 /* biciPin.xib */ = {isa = PBXFileReference; lastKnownFileType = file.xib; path = biciPin.xib; sourceTree = "<group>"; };
		7D80AC62228B73A30038AF06 /* Bicipin.swift */ = {isa = PBXFileReference; lastKnownFileType = sourcecode.swift; path = Bicipin.swift; sourceTree = "<group>"; };
		7D99F883226E76D300E1AAE5 /* TipsViewController.swift */ = {isa = PBXFileReference; lastKnownFileType = sourcecode.swift; path = TipsViewController.swift; sourceTree = "<group>"; };
		7D99F885226E861500E1AAE5 /* TipTableViewCell.swift */ = {isa = PBXFileReference; lastKnownFileType = sourcecode.swift; path = TipTableViewCell.swift; sourceTree = "<group>"; };
		7D99F887226E8C2100E1AAE5 /* DetalleTipViewController.swift */ = {isa = PBXFileReference; lastKnownFileType = sourcecode.swift; path = DetalleTipViewController.swift; sourceTree = "<group>"; };
		7D99F889226F8E9100E1AAE5 /* Tip.swift */ = {isa = PBXFileReference; lastKnownFileType = sourcecode.swift; path = Tip.swift; sourceTree = "<group>"; };
		7D99F88C226F978D00E1AAE5 /* ContactoViewController.swift */ = {isa = PBXFileReference; lastKnownFileType = sourcecode.swift; path = ContactoViewController.swift; sourceTree = "<group>"; };
		7DB660912241A648007AA974 /* LoginViewController.swift */ = {isa = PBXFileReference; lastKnownFileType = sourcecode.swift; path = LoginViewController.swift; sourceTree = "<group>"; };
		7DD697722236E4A400810255 /* Taller.swift */ = {isa = PBXFileReference; lastKnownFileType = sourcecode.swift; path = Taller.swift; sourceTree = "<group>"; };
		7DD69774223720CA00810255 /* customPin.xib */ = {isa = PBXFileReference; lastKnownFileType = file.xib; path = customPin.xib; sourceTree = "<group>"; };
		7DD69776223721F300810255 /* Custompin.swift */ = {isa = PBXFileReference; lastKnownFileType = sourcecode.swift; path = Custompin.swift; sourceTree = "<group>"; };
		841BCD03A32EFD4BF74C8890 /* Pods_SOS_Ciclista.framework */ = {isa = PBXFileReference; explicitFileType = wrapper.framework; includeInIndex = 0; path = Pods_SOS_Ciclista.framework; sourceTree = BUILT_PRODUCTS_DIR; };
		8B085180228BC3FB008EE2FC /* Bicipinview.swift */ = {isa = PBXFileReference; lastKnownFileType = sourcecode.swift; path = Bicipinview.swift; sourceTree = "<group>"; };
		8B1A4F8A2263D1E6003C8ABE /* DetalleCeldaCollectionViewCell.swift */ = {isa = PBXFileReference; lastKnownFileType = sourcecode.swift; path = DetalleCeldaCollectionViewCell.swift; sourceTree = "<group>"; };
		8B29B45D22656BAE0079280C /* RoboBiciViewController.swift */ = {isa = PBXFileReference; lastKnownFileType = sourcecode.swift; path = RoboBiciViewController.swift; sourceTree = "<group>"; };
		8B29B45F226581920079280C /* OnboardingViewController.swift */ = {isa = PBXFileReference; lastKnownFileType = sourcecode.swift; path = OnboardingViewController.swift; sourceTree = "<group>"; };
		8B29B46122658B980079280C /* FirstViewController.swift */ = {isa = PBXFileReference; lastKnownFileType = sourcecode.swift; path = FirstViewController.swift; sourceTree = "<group>"; };
		8B29B46322658BBE0079280C /* TwoViewController.swift */ = {isa = PBXFileReference; lastKnownFileType = sourcecode.swift; path = TwoViewController.swift; sourceTree = "<group>"; };
		8B29B46522658BCB0079280C /* ThirdViewController.swift */ = {isa = PBXFileReference; lastKnownFileType = sourcecode.swift; path = ThirdViewController.swift; sourceTree = "<group>"; };
		8B3D5BC022322E9800727464 /* MenuViewController.swift */ = {isa = PBXFileReference; lastKnownFileType = sourcecode.swift; path = MenuViewController.swift; sourceTree = "<group>"; };
		8B3D5BC222322FEC00727464 /* SerieViewController.swift */ = {isa = PBXFileReference; lastKnownFileType = sourcecode.swift; path = SerieViewController.swift; sourceTree = "<group>"; };
		8B3D5BC42232338B00727464 /* MenuTableViewCell.swift */ = {isa = PBXFileReference; lastKnownFileType = sourcecode.swift; path = MenuTableViewCell.swift; sourceTree = "<group>"; };
		8BA1B5B622591C0000C43529 /* ReportFragmentViewController.swift */ = {isa = PBXFileReference; lastKnownFileType = sourcecode.swift; path = ReportFragmentViewController.swift; sourceTree = "<group>"; };
		8BA1B5B822625BB200C43529 /* DetalleReporteViewController.swift */ = {isa = PBXFileReference; lastKnownFileType = sourcecode.swift; path = DetalleReporteViewController.swift; sourceTree = "<group>"; };
		8BA625A322358585008E9337 /* DataManager.swift */ = {isa = PBXFileReference; lastKnownFileType = sourcecode.swift; path = DataManager.swift; sourceTree = "<group>"; };
		8BB47256222F773300D5C51D /* ReportesViewController.swift */ = {isa = PBXFileReference; lastKnownFileType = sourcecode.swift; path = ReportesViewController.swift; sourceTree = "<group>"; };
		8BB47258222F891000D5C51D /* MapKit.framework */ = {isa = PBXFileReference; lastKnownFileType = wrapper.framework; name = MapKit.framework; path = System/Library/Frameworks/MapKit.framework; sourceTree = SDKROOT; };
		8BB95C22222C8C4000ABA1F9 /* SOS Ciclista.app */ = {isa = PBXFileReference; explicitFileType = wrapper.application; includeInIndex = 0; path = "SOS Ciclista.app"; sourceTree = BUILT_PRODUCTS_DIR; };
		8BB95C25222C8C4000ABA1F9 /* AppDelegate.swift */ = {isa = PBXFileReference; lastKnownFileType = sourcecode.swift; path = AppDelegate.swift; sourceTree = "<group>"; };
		8BB95C27222C8C4000ABA1F9 /* ViewController.swift */ = {isa = PBXFileReference; lastKnownFileType = sourcecode.swift; path = ViewController.swift; sourceTree = "<group>"; };
		8BB95C2A222C8C4000ABA1F9 /* Base */ = {isa = PBXFileReference; lastKnownFileType = file.storyboard; name = Base; path = Base.lproj/Main.storyboard; sourceTree = "<group>"; };
		8BB95C2D222C8C4000ABA1F9 /* SOS_Ciclista.xcdatamodel */ = {isa = PBXFileReference; lastKnownFileType = wrapper.xcdatamodel; path = SOS_Ciclista.xcdatamodel; sourceTree = "<group>"; };
		8BB95C2F222C8C4300ABA1F9 /* Assets.xcassets */ = {isa = PBXFileReference; lastKnownFileType = folder.assetcatalog; path = Assets.xcassets; sourceTree = "<group>"; };
		8BB95C32222C8C4300ABA1F9 /* Base */ = {isa = PBXFileReference; lastKnownFileType = file.storyboard; name = Base; path = Base.lproj/LaunchScreen.storyboard; sourceTree = "<group>"; };
		8BB95C34222C8C4300ABA1F9 /* Info.plist */ = {isa = PBXFileReference; lastKnownFileType = text.plist.xml; path = Info.plist; sourceTree = "<group>"; };
		8BB95C3E222F6DB800ABA1F9 /* SOS Ciclista-Bridging-Header.h */ = {isa = PBXFileReference; lastKnownFileType = sourcecode.c.h; path = "SOS Ciclista-Bridging-Header.h"; sourceTree = "<group>"; };
		8BB95C3F222F6DBA00ABA1F9 /* SWRevealViewController.h */ = {isa = PBXFileReference; fileEncoding = 4; lastKnownFileType = sourcecode.c.h; path = SWRevealViewController.h; sourceTree = "<group>"; };
		8BB95C40222F6DBA00ABA1F9 /* SWRevealViewController.m */ = {isa = PBXFileReference; fileEncoding = 4; lastKnownFileType = sourcecode.c.objc; path = SWRevealViewController.m; sourceTree = "<group>"; };
		E00C589167989D0F4B3E745B /* Pods-SOS Ciclista.debug.xcconfig */ = {isa = PBXFileReference; includeInIndex = 1; lastKnownFileType = text.xcconfig; name = "Pods-SOS Ciclista.debug.xcconfig"; path = "Pods/Target Support Files/Pods-SOS Ciclista/Pods-SOS Ciclista.debug.xcconfig"; sourceTree = "<group>"; };
/* End PBXFileReference section */

/* Begin PBXFrameworksBuildPhase section */
		8BB95C1F222C8C4000ABA1F9 /* Frameworks */ = {
			isa = PBXFrameworksBuildPhase;
			buildActionMask = 2147483647;
			files = (
				8BB47259222F891000D5C51D /* MapKit.framework in Frameworks */,
				BC29C3262CAFDDFE7755E8F4 /* Pods_SOS_Ciclista.framework in Frameworks */,
			);
			runOnlyForDeploymentPostprocessing = 0;
		};
/* End PBXFrameworksBuildPhase section */

/* Begin PBXGroup section */
		7D1FD52D223B311E00B0A03B /* Usuario */ = {
			isa = PBXGroup;
			children = (
				7D1FD527223B123E00B0A03B /* PersonalizaViewController.swift */,
				7D1FD529223B1BAB00B0A03B /* celdaBiciCollectionViewCell.swift */,
				7DB660912241A648007AA974 /* LoginViewController.swift */,
				7D50E3A62245513E006A815B /* PhotosBiciViewController.swift */,
			);
			path = Usuario;
			sourceTree = "<group>";
		};
		7D1FD52E223B313600B0A03B /* Reportes */ = {
			isa = PBXGroup;
			children = (
				8BB47256222F773300D5C51D /* ReportesViewController.swift */,
				7D5AE3702242AED800E53FCC /* ReportTableViewCell.swift */,
				8BA1B5B622591C0000C43529 /* ReportFragmentViewController.swift */,
				7D503349225E5A3100B5A0D6 /* FinalReporteViewController.swift */,
				8BA1B5B822625BB200C43529 /* DetalleReporteViewController.swift */,
				8B1A4F8A2263D1E6003C8ABE /* DetalleCeldaCollectionViewCell.swift */,
			);
			path = Reportes;
			sourceTree = "<group>";
		};
		7D1FD52F223B314200B0A03B /* numSerie */ = {
			isa = PBXGroup;
			children = (
				8B3D5BC222322FEC00727464 /* SerieViewController.swift */,
				7D80AC5E2289F8E00038AF06 /* resultSerieViewController.swift */,
			);
			path = numSerie;
			sourceTree = "<group>";
		};
		7D503347225D44EF00B5A0D6 /* Utils */ = {
			isa = PBXGroup;
			children = (
				7D503345225D436B00B5A0D6 /* Utils.swift */,
			);
			path = Utils;
			sourceTree = "<group>";
		};
		7D503348225D450000B5A0D6 /* Home */ = {
			isa = PBXGroup;
			children = (
				7DD69776223721F300810255 /* Custompin.swift */,
				8BB95C27222C8C4000ABA1F9 /* ViewController.swift */,
				7D80AC62228B73A30038AF06 /* Bicipin.swift */,
				8B085180228BC3FB008EE2FC /* Bicipinview.swift */,
			);
			path = Home;
			sourceTree = "<group>";
		};
		7D99F881226E76B000E1AAE5 /* Tips */ = {
			isa = PBXGroup;
			children = (
				7D99F883226E76D300E1AAE5 /* TipsViewController.swift */,
				7D99F885226E861500E1AAE5 /* TipTableViewCell.swift */,
				7D99F887226E8C2100E1AAE5 /* DetalleTipViewController.swift */,
			);
			path = Tips;
			sourceTree = "<group>";
		};
		7D99F88B226F977B00E1AAE5 /* contacto */ = {
			isa = PBXGroup;
			children = (
				7D99F88C226F978D00E1AAE5 /* ContactoViewController.swift */,
			);
			path = contacto;
			sourceTree = "<group>";
		};
		7D9F0B7E2232FBC10099808D /* Model */ = {
			isa = PBXGroup;
			children = (
				8BA625A322358585008E9337 /* DataManager.swift */,
				7DD697722236E4A400810255 /* Taller.swift */,
				7D5AE3722242B48700E53FCC /* Report.swift */,
				7D99F889226F8E9100E1AAE5 /* Tip.swift */,
				7D4980D82292E89E005EA139 /* Biker.swift */,
			);
			name = Model;
			sourceTree = "<group>";
		};
		8B29B45C22656B780079280C /* Robo */ = {
			isa = PBXGroup;
			children = (
				8B29B45D22656BAE0079280C /* RoboBiciViewController.swift */,
				8B29B45F226581920079280C /* OnboardingViewController.swift */,
				8B29B46122658B980079280C /* FirstViewController.swift */,
				8B29B46322658BBE0079280C /* TwoViewController.swift */,
				8B29B46522658BCB0079280C /* ThirdViewController.swift */,
			);
			path = Robo;
			sourceTree = "<group>";
		};
		8B3D5BBF22322E7C00727464 /* Menu */ = {
			isa = PBXGroup;
			children = (
				8B3D5BC022322E9800727464 /* MenuViewController.swift */,
				8B3D5BC42232338B00727464 /* MenuTableViewCell.swift */,
			);
			path = Menu;
			sourceTree = "<group>";
		};
		8BB95C19222C8C4000ABA1F9 = {
			isa = PBXGroup;
			children = (
				8BB95C24222C8C4000ABA1F9 /* SOS Ciclista */,
				8BB95C23222C8C4000ABA1F9 /* Products */,
				CC84117986F7EDD9A901B2B5 /* Pods */,
				B72631D16E0A6A0117EBA627 /* Frameworks */,
			);
			sourceTree = "<group>";
		};
		8BB95C23222C8C4000ABA1F9 /* Products */ = {
			isa = PBXGroup;
			children = (
				8BB95C22222C8C4000ABA1F9 /* SOS Ciclista.app */,
			);
			name = Products;
			sourceTree = "<group>";
		};
		8BB95C24222C8C4000ABA1F9 /* SOS Ciclista */ = {
			isa = PBXGroup;
			children = (
				7D9F0B7E2232FBC10099808D /* Model */,
				8BB95C3D222F6D9200ABA1F9 /* SWRevealViewController */,
				8BB95C25222C8C4000ABA1F9 /* AppDelegate.swift */,
				8BB95C3C222C8D6800ABA1F9 /* Controllers */,
				8BB95C3B222C8D5A00ABA1F9 /* Views */,
				8BB95C2F222C8C4300ABA1F9 /* Assets.xcassets */,
				8BB95C31222C8C4300ABA1F9 /* LaunchScreen.storyboard */,
				8BB95C34222C8C4300ABA1F9 /* Info.plist */,
				7D1FD52B223B2C5800B0A03B /* GoogleService-Info.plist */,
				8BB95C2C222C8C4000ABA1F9 /* SOS_Ciclista.xcdatamodeld */,
			);
			path = "SOS Ciclista";
			sourceTree = "<group>";
		};
		8BB95C3B222C8D5A00ABA1F9 /* Views */ = {
			isa = PBXGroup;
			children = (
				8BB95C29222C8C4000ABA1F9 /* Main.storyboard */,
				7DD69774223720CA00810255 /* customPin.xib */,
				7D80AC60228B72FD0038AF06 /* biciPin.xib */,
			);
			path = Views;
			sourceTree = "<group>";
		};
		8BB95C3C222C8D6800ABA1F9 /* Controllers */ = {
			isa = PBXGroup;
			children = (
				7D99F88B226F977B00E1AAE5 /* contacto */,
				7D99F881226E76B000E1AAE5 /* Tips */,
				8B29B45C22656B780079280C /* Robo */,
				8B3D5BBF22322E7C00727464 /* Menu */,
				7D503348225D450000B5A0D6 /* Home */,
				7D1FD52E223B313600B0A03B /* Reportes */,
				7D1FD52F223B314200B0A03B /* numSerie */,
				7D1FD52D223B311E00B0A03B /* Usuario */,
				7D503347225D44EF00B5A0D6 /* Utils */,
			);
			path = Controllers;
			sourceTree = "<group>";
		};
		8BB95C3D222F6D9200ABA1F9 /* SWRevealViewController */ = {
			isa = PBXGroup;
			children = (
				8BB95C3F222F6DBA00ABA1F9 /* SWRevealViewController.h */,
				8BB95C40222F6DBA00ABA1F9 /* SWRevealViewController.m */,
				8BB95C3E222F6DB800ABA1F9 /* SOS Ciclista-Bridging-Header.h */,
			);
			path = SWRevealViewController;
			sourceTree = "<group>";
		};
		B72631D16E0A6A0117EBA627 /* Frameworks */ = {
			isa = PBXGroup;
			children = (
				8BB47258222F891000D5C51D /* MapKit.framework */,
				841BCD03A32EFD4BF74C8890 /* Pods_SOS_Ciclista.framework */,
			);
			name = Frameworks;
			sourceTree = "<group>";
		};
		CC84117986F7EDD9A901B2B5 /* Pods */ = {
			isa = PBXGroup;
			children = (
				E00C589167989D0F4B3E745B /* Pods-SOS Ciclista.debug.xcconfig */,
				2A9927F49D2B048CC70A133E /* Pods-SOS Ciclista.release.xcconfig */,
			);
			name = Pods;
			sourceTree = "<group>";
		};
/* End PBXGroup section */

/* Begin PBXNativeTarget section */
		8BB95C21222C8C4000ABA1F9 /* SOS Ciclista */ = {
			isa = PBXNativeTarget;
			buildConfigurationList = 8BB95C37222C8C4300ABA1F9 /* Build configuration list for PBXNativeTarget "SOS Ciclista" */;
			buildPhases = (
				3A02F54B4805299B01085C60 /* [CP] Check Pods Manifest.lock */,
				8BB95C1E222C8C4000ABA1F9 /* Sources */,
				8BB95C1F222C8C4000ABA1F9 /* Frameworks */,
				8BB95C20222C8C4000ABA1F9 /* Resources */,
				C3F3C9A44E5BE3FADA5E1583 /* [CP] Embed Pods Frameworks */,
			);
			buildRules = (
			);
			dependencies = (
			);
			name = "SOS Ciclista";
			productName = "SOS Ciclista";
			productReference = 8BB95C22222C8C4000ABA1F9 /* SOS Ciclista.app */;
			productType = "com.apple.product-type.application";
		};
/* End PBXNativeTarget section */

/* Begin PBXProject section */
		8BB95C1A222C8C4000ABA1F9 /* Project object */ = {
			isa = PBXProject;
			attributes = {
				LastSwiftUpdateCheck = 1010;
				LastUpgradeCheck = 1010;
				ORGANIZATIONNAME = i7;
				TargetAttributes = {
					8BB95C21222C8C4000ABA1F9 = {
						CreatedOnToolsVersion = 10.1;
						LastSwiftMigration = 1010;
						SystemCapabilities = {
							com.apple.Maps.iOS = {
								enabled = 1;
							};
						};
					};
				};
			};
			buildConfigurationList = 8BB95C1D222C8C4000ABA1F9 /* Build configuration list for PBXProject "SOS Ciclista" */;
			compatibilityVersion = "Xcode 9.3";
			developmentRegion = en;
			hasScannedForEncodings = 0;
			knownRegions = (
				en,
				Base,
			);
			mainGroup = 8BB95C19222C8C4000ABA1F9;
			productRefGroup = 8BB95C23222C8C4000ABA1F9 /* Products */;
			projectDirPath = "";
			projectRoot = "";
			targets = (
				8BB95C21222C8C4000ABA1F9 /* SOS Ciclista */,
			);
		};
/* End PBXProject section */

/* Begin PBXResourcesBuildPhase section */
		8BB95C20222C8C4000ABA1F9 /* Resources */ = {
			isa = PBXResourcesBuildPhase;
			buildActionMask = 2147483647;
			files = (
				7DD69775223720CA00810255 /* customPin.xib in Resources */,
				8BB95C33222C8C4300ABA1F9 /* LaunchScreen.storyboard in Resources */,
				7D1FD52C223B2C5800B0A03B /* GoogleService-Info.plist in Resources */,
				8BB95C30222C8C4300ABA1F9 /* Assets.xcassets in Resources */,
				7D80AC61228B72FD0038AF06 /* biciPin.xib in Resources */,
				8BB95C2B222C8C4000ABA1F9 /* Main.storyboard in Resources */,
			);
			runOnlyForDeploymentPostprocessing = 0;
		};
/* End PBXResourcesBuildPhase section */

/* Begin PBXShellScriptBuildPhase section */
		3A02F54B4805299B01085C60 /* [CP] Check Pods Manifest.lock */ = {
			isa = PBXShellScriptBuildPhase;
			buildActionMask = 2147483647;
			files = (
			);
			inputPaths = (
				"${PODS_PODFILE_DIR_PATH}/Podfile.lock",
				"${PODS_ROOT}/Manifest.lock",
			);
			name = "[CP] Check Pods Manifest.lock";
			outputPaths = (
				"$(DERIVED_FILE_DIR)/Pods-SOS Ciclista-checkManifestLockResult.txt",
			);
			runOnlyForDeploymentPostprocessing = 0;
			shellPath = /bin/sh;
			shellScript = "diff \"${PODS_PODFILE_DIR_PATH}/Podfile.lock\" \"${PODS_ROOT}/Manifest.lock\" > /dev/null\nif [ $? != 0 ] ; then\n    # print error to STDERR\n    echo \"error: The sandbox is not in sync with the Podfile.lock. Run 'pod install' or update your CocoaPods installation.\" >&2\n    exit 1\nfi\n# This output is used by Xcode 'outputs' to avoid re-running this script phase.\necho \"SUCCESS\" > \"${SCRIPT_OUTPUT_FILE_0}\"\n";
			showEnvVarsInLog = 0;
		};
		C3F3C9A44E5BE3FADA5E1583 /* [CP] Embed Pods Frameworks */ = {
			isa = PBXShellScriptBuildPhase;
			buildActionMask = 2147483647;
			files = (
			);
			inputPaths = (
				"${SRCROOT}/Pods/Target Support Files/Pods-SOS Ciclista/Pods-SOS Ciclista-frameworks.sh",
				"${BUILT_PRODUCTS_DIR}/Alamofire/Alamofire.framework",
				"${BUILT_PRODUCTS_DIR}/AlamofireImage/AlamofireImage.framework",
				"${BUILT_PRODUCTS_DIR}/BSGridCollectionViewLayout/BSGridCollectionViewLayout.framework",
				"${BUILT_PRODUCTS_DIR}/BSImagePicker/BSImagePicker.framework",
				"${BUILT_PRODUCTS_DIR}/BSImageView/BSImageView.framework",
				"${BUILT_PRODUCTS_DIR}/Bolts/Bolts.framework",
				"${BUILT_PRODUCTS_DIR}/FBSDKCoreKit/FBSDKCoreKit.framework",
				"${BUILT_PRODUCTS_DIR}/FBSDKLoginKit/FBSDKLoginKit.framework",
				"${BUILT_PRODUCTS_DIR}/FBSDKShareKit/FBSDKShareKit.framework",
				"${BUILT_PRODUCTS_DIR}/FacebookCore/FacebookCore.framework",
				"${BUILT_PRODUCTS_DIR}/FacebookLogin/FacebookLogin.framework",
				"${BUILT_PRODUCTS_DIR}/FacebookShare/FacebookShare.framework",
				"${BUILT_PRODUCTS_DIR}/GTMSessionFetcher/GTMSessionFetcher.framework",
				"${BUILT_PRODUCTS_DIR}/GoogleUtilities/GoogleUtilities.framework",
				"${BUILT_PRODUCTS_DIR}/Hero/Hero.framework",
				"${BUILT_PRODUCTS_DIR}/SideMenu/SideMenu.framework",
				"${BUILT_PRODUCTS_DIR}/SwiftyJSON/SwiftyJSON.framework",
				"${BUILT_PRODUCTS_DIR}/TLPhotoPicker/TLPhotoPicker.framework",
				"${BUILT_PRODUCTS_DIR}/leveldb-library/leveldb.framework",
				"${BUILT_PRODUCTS_DIR}/nanopb/nanopb.framework",
			);
			name = "[CP] Embed Pods Frameworks";
			outputPaths = (
				"${TARGET_BUILD_DIR}/${FRAMEWORKS_FOLDER_PATH}/Alamofire.framework",
				"${TARGET_BUILD_DIR}/${FRAMEWORKS_FOLDER_PATH}/AlamofireImage.framework",
				"${TARGET_BUILD_DIR}/${FRAMEWORKS_FOLDER_PATH}/BSGridCollectionViewLayout.framework",
				"${TARGET_BUILD_DIR}/${FRAMEWORKS_FOLDER_PATH}/BSImagePicker.framework",
				"${TARGET_BUILD_DIR}/${FRAMEWORKS_FOLDER_PATH}/BSImageView.framework",
				"${TARGET_BUILD_DIR}/${FRAMEWORKS_FOLDER_PATH}/Bolts.framework",
				"${TARGET_BUILD_DIR}/${FRAMEWORKS_FOLDER_PATH}/FBSDKCoreKit.framework",
				"${TARGET_BUILD_DIR}/${FRAMEWORKS_FOLDER_PATH}/FBSDKLoginKit.framework",
				"${TARGET_BUILD_DIR}/${FRAMEWORKS_FOLDER_PATH}/FBSDKShareKit.framework",
				"${TARGET_BUILD_DIR}/${FRAMEWORKS_FOLDER_PATH}/FacebookCore.framework",
				"${TARGET_BUILD_DIR}/${FRAMEWORKS_FOLDER_PATH}/FacebookLogin.framework",
				"${TARGET_BUILD_DIR}/${FRAMEWORKS_FOLDER_PATH}/FacebookShare.framework",
				"${TARGET_BUILD_DIR}/${FRAMEWORKS_FOLDER_PATH}/GTMSessionFetcher.framework",
				"${TARGET_BUILD_DIR}/${FRAMEWORKS_FOLDER_PATH}/GoogleUtilities.framework",
				"${TARGET_BUILD_DIR}/${FRAMEWORKS_FOLDER_PATH}/Hero.framework",
				"${TARGET_BUILD_DIR}/${FRAMEWORKS_FOLDER_PATH}/SideMenu.framework",
				"${TARGET_BUILD_DIR}/${FRAMEWORKS_FOLDER_PATH}/SwiftyJSON.framework",
				"${TARGET_BUILD_DIR}/${FRAMEWORKS_FOLDER_PATH}/TLPhotoPicker.framework",
				"${TARGET_BUILD_DIR}/${FRAMEWORKS_FOLDER_PATH}/leveldb.framework",
				"${TARGET_BUILD_DIR}/${FRAMEWORKS_FOLDER_PATH}/nanopb.framework",
			);
			runOnlyForDeploymentPostprocessing = 0;
			shellPath = /bin/sh;
			shellScript = "\"${SRCROOT}/Pods/Target Support Files/Pods-SOS Ciclista/Pods-SOS Ciclista-frameworks.sh\"\n";
			showEnvVarsInLog = 0;
		};
/* End PBXShellScriptBuildPhase section */

/* Begin PBXSourcesBuildPhase section */
		8BB95C1E222C8C4000ABA1F9 /* Sources */ = {
			isa = PBXSourcesBuildPhase;
			buildActionMask = 2147483647;
			files = (
				7DB660922241A648007AA974 /* LoginViewController.swift in Sources */,
				7D50E3A72245513E006A815B /* PhotosBiciViewController.swift in Sources */,
				7D99F884226E76D300E1AAE5 /* TipsViewController.swift in Sources */,
				8B1A4F8B2263D1E6003C8ABE /* DetalleCeldaCollectionViewCell.swift in Sources */,
				8B3D5BC322322FEC00727464 /* SerieViewController.swift in Sources */,
				8BB95C2E222C8C4000ABA1F9 /* SOS_Ciclista.xcdatamodeld in Sources */,
				7D5AE3732242B48700E53FCC /* Report.swift in Sources */,
				7D5AE3712242AED800E53FCC /* ReportTableViewCell.swift in Sources */,
				7D99F88A226F8E9100E1AAE5 /* Tip.swift in Sources */,
				7D50334A225E5A3100B5A0D6 /* FinalReporteViewController.swift in Sources */,
				8B3D5BC52232338B00727464 /* MenuTableViewCell.swift in Sources */,
				7DD69777223721F300810255 /* Custompin.swift in Sources */,
				8B29B45E22656BAE0079280C /* RoboBiciViewController.swift in Sources */,
				8B29B46422658BBE0079280C /* TwoViewController.swift in Sources */,
				8B3D5BC122322E9800727464 /* MenuViewController.swift in Sources */,
				8BB47257222F773300D5C51D /* ReportesViewController.swift in Sources */,
				7D1FD52A223B1BAB00B0A03B /* celdaBiciCollectionViewCell.swift in Sources */,
				7D99F88D226F978D00E1AAE5 /* ContactoViewController.swift in Sources */,
				8BB95C28222C8C4000ABA1F9 /* ViewController.swift in Sources */,
				8BB95C26222C8C4000ABA1F9 /* AppDelegate.swift in Sources */,
				8BA625A422358585008E9337 /* DataManager.swift in Sources */,
				8BA1B5B922625BB500C43529 /* DetalleReporteViewController.swift in Sources */,
				8B29B46622658BCB0079280C /* ThirdViewController.swift in Sources */,
				7D80AC5F2289F8E00038AF06 /* resultSerieViewController.swift in Sources */,
				7D1FD528223B123E00B0A03B /* PersonalizaViewController.swift in Sources */,
				8B29B460226581920079280C /* OnboardingViewController.swift in Sources */,
				8B29B46222658B980079280C /* FirstViewController.swift in Sources */,
				7D4980D92292E89E005EA139 /* Biker.swift in Sources */,
				7D99F886226E861500E1AAE5 /* TipTableViewCell.swift in Sources */,
				7D80AC63228B73A30038AF06 /* Bicipin.swift in Sources */,
				8B085181228BC3FB008EE2FC /* Bicipinview.swift in Sources */,
				8BB95C41222F6DBA00ABA1F9 /* SWRevealViewController.m in Sources */,
				7D99F888226E8C2100E1AAE5 /* DetalleTipViewController.swift in Sources */,
				8BA1B5B722591C0000C43529 /* ReportFragmentViewController.swift in Sources */,
				7D503346225D436B00B5A0D6 /* Utils.swift in Sources */,
				7DD697732236E4A400810255 /* Taller.swift in Sources */,
			);
			runOnlyForDeploymentPostprocessing = 0;
		};
/* End PBXSourcesBuildPhase section */

/* Begin PBXVariantGroup section */
		8BB95C29222C8C4000ABA1F9 /* Main.storyboard */ = {
			isa = PBXVariantGroup;
			children = (
				8BB95C2A222C8C4000ABA1F9 /* Base */,
			);
			name = Main.storyboard;
			sourceTree = "<group>";
		};
		8BB95C31222C8C4300ABA1F9 /* LaunchScreen.storyboard */ = {
			isa = PBXVariantGroup;
			children = (
				8BB95C32222C8C4300ABA1F9 /* Base */,
			);
			name = LaunchScreen.storyboard;
			sourceTree = "<group>";
		};
/* End PBXVariantGroup section */

/* Begin XCBuildConfiguration section */
		8BB95C35222C8C4300ABA1F9 /* Debug */ = {
			isa = XCBuildConfiguration;
			buildSettings = {
				ALWAYS_SEARCH_USER_PATHS = NO;
				CLANG_ANALYZER_NONNULL = YES;
				CLANG_ANALYZER_NUMBER_OBJECT_CONVERSION = YES_AGGRESSIVE;
				CLANG_CXX_LANGUAGE_STANDARD = "gnu++14";
				CLANG_CXX_LIBRARY = "libc++";
				CLANG_ENABLE_MODULES = YES;
				CLANG_ENABLE_OBJC_ARC = YES;
				CLANG_ENABLE_OBJC_WEAK = YES;
				CLANG_WARN_BLOCK_CAPTURE_AUTORELEASING = YES;
				CLANG_WARN_BOOL_CONVERSION = YES;
				CLANG_WARN_COMMA = YES;
				CLANG_WARN_CONSTANT_CONVERSION = YES;
				CLANG_WARN_DEPRECATED_OBJC_IMPLEMENTATIONS = YES;
				CLANG_WARN_DIRECT_OBJC_ISA_USAGE = YES_ERROR;
				CLANG_WARN_DOCUMENTATION_COMMENTS = YES;
				CLANG_WARN_EMPTY_BODY = YES;
				CLANG_WARN_ENUM_CONVERSION = YES;
				CLANG_WARN_INFINITE_RECURSION = YES;
				CLANG_WARN_INT_CONVERSION = YES;
				CLANG_WARN_NON_LITERAL_NULL_CONVERSION = YES;
				CLANG_WARN_OBJC_IMPLICIT_RETAIN_SELF = YES;
				CLANG_WARN_OBJC_LITERAL_CONVERSION = YES;
				CLANG_WARN_OBJC_ROOT_CLASS = YES_ERROR;
				CLANG_WARN_RANGE_LOOP_ANALYSIS = YES;
				CLANG_WARN_STRICT_PROTOTYPES = YES;
				CLANG_WARN_SUSPICIOUS_MOVE = YES;
				CLANG_WARN_UNGUARDED_AVAILABILITY = YES_AGGRESSIVE;
				CLANG_WARN_UNREACHABLE_CODE = YES;
				CLANG_WARN__DUPLICATE_METHOD_MATCH = YES;
				CODE_SIGN_IDENTITY = "iPhone Developer";
				COPY_PHASE_STRIP = NO;
				DEBUG_INFORMATION_FORMAT = dwarf;
				ENABLE_STRICT_OBJC_MSGSEND = YES;
				ENABLE_TESTABILITY = YES;
				GCC_C_LANGUAGE_STANDARD = gnu11;
				GCC_DYNAMIC_NO_PIC = NO;
				GCC_NO_COMMON_BLOCKS = YES;
				GCC_OPTIMIZATION_LEVEL = 0;
				GCC_PREPROCESSOR_DEFINITIONS = (
					"DEBUG=1",
					"$(inherited)",
				);
				GCC_WARN_64_TO_32_BIT_CONVERSION = YES;
				GCC_WARN_ABOUT_RETURN_TYPE = YES_ERROR;
				GCC_WARN_UNDECLARED_SELECTOR = YES;
				GCC_WARN_UNINITIALIZED_AUTOS = YES_AGGRESSIVE;
				GCC_WARN_UNUSED_FUNCTION = YES;
				GCC_WARN_UNUSED_VARIABLE = YES;
				IPHONEOS_DEPLOYMENT_TARGET = 12.1;
				MTL_ENABLE_DEBUG_INFO = INCLUDE_SOURCE;
				MTL_FAST_MATH = YES;
				ONLY_ACTIVE_ARCH = YES;
				SDKROOT = iphoneos;
				SWIFT_ACTIVE_COMPILATION_CONDITIONS = DEBUG;
				SWIFT_OPTIMIZATION_LEVEL = "-Onone";
			};
			name = Debug;
		};
		8BB95C36222C8C4300ABA1F9 /* Release */ = {
			isa = XCBuildConfiguration;
			buildSettings = {
				ALWAYS_SEARCH_USER_PATHS = NO;
				CLANG_ANALYZER_NONNULL = YES;
				CLANG_ANALYZER_NUMBER_OBJECT_CONVERSION = YES_AGGRESSIVE;
				CLANG_CXX_LANGUAGE_STANDARD = "gnu++14";
				CLANG_CXX_LIBRARY = "libc++";
				CLANG_ENABLE_MODULES = YES;
				CLANG_ENABLE_OBJC_ARC = YES;
				CLANG_ENABLE_OBJC_WEAK = YES;
				CLANG_WARN_BLOCK_CAPTURE_AUTORELEASING = YES;
				CLANG_WARN_BOOL_CONVERSION = YES;
				CLANG_WARN_COMMA = YES;
				CLANG_WARN_CONSTANT_CONVERSION = YES;
				CLANG_WARN_DEPRECATED_OBJC_IMPLEMENTATIONS = YES;
				CLANG_WARN_DIRECT_OBJC_ISA_USAGE = YES_ERROR;
				CLANG_WARN_DOCUMENTATION_COMMENTS = YES;
				CLANG_WARN_EMPTY_BODY = YES;
				CLANG_WARN_ENUM_CONVERSION = YES;
				CLANG_WARN_INFINITE_RECURSION = YES;
				CLANG_WARN_INT_CONVERSION = YES;
				CLANG_WARN_NON_LITERAL_NULL_CONVERSION = YES;
				CLANG_WARN_OBJC_IMPLICIT_RETAIN_SELF = YES;
				CLANG_WARN_OBJC_LITERAL_CONVERSION = YES;
				CLANG_WARN_OBJC_ROOT_CLASS = YES_ERROR;
				CLANG_WARN_RANGE_LOOP_ANALYSIS = YES;
				CLANG_WARN_STRICT_PROTOTYPES = YES;
				CLANG_WARN_SUSPICIOUS_MOVE = YES;
				CLANG_WARN_UNGUARDED_AVAILABILITY = YES_AGGRESSIVE;
				CLANG_WARN_UNREACHABLE_CODE = YES;
				CLANG_WARN__DUPLICATE_METHOD_MATCH = YES;
				CODE_SIGN_IDENTITY = "iPhone Developer";
				COPY_PHASE_STRIP = NO;
				DEBUG_INFORMATION_FORMAT = "dwarf-with-dsym";
				ENABLE_NS_ASSERTIONS = NO;
				ENABLE_STRICT_OBJC_MSGSEND = YES;
				GCC_C_LANGUAGE_STANDARD = gnu11;
				GCC_NO_COMMON_BLOCKS = YES;
				GCC_WARN_64_TO_32_BIT_CONVERSION = YES;
				GCC_WARN_ABOUT_RETURN_TYPE = YES_ERROR;
				GCC_WARN_UNDECLARED_SELECTOR = YES;
				GCC_WARN_UNINITIALIZED_AUTOS = YES_AGGRESSIVE;
				GCC_WARN_UNUSED_FUNCTION = YES;
				GCC_WARN_UNUSED_VARIABLE = YES;
				IPHONEOS_DEPLOYMENT_TARGET = 12.1;
				MTL_ENABLE_DEBUG_INFO = NO;
				MTL_FAST_MATH = YES;
				SDKROOT = iphoneos;
				SWIFT_COMPILATION_MODE = wholemodule;
				SWIFT_OPTIMIZATION_LEVEL = "-O";
				VALIDATE_PRODUCT = YES;
			};
			name = Release;
		};
		8BB95C38222C8C4300ABA1F9 /* Debug */ = {
			isa = XCBuildConfiguration;
			baseConfigurationReference = E00C589167989D0F4B3E745B /* Pods-SOS Ciclista.debug.xcconfig */;
			buildSettings = {
				ASSETCATALOG_COMPILER_APPICON_NAME = AppIcon;
				CLANG_ENABLE_MODULES = YES;
				CODE_SIGN_STYLE = Automatic;
				DEVELOPMENT_TEAM = 954C95V3JL;
				INFOPLIST_FILE = "SOS Ciclista/Info.plist";
				IPHONEOS_DEPLOYMENT_TARGET = 10.0;
				LD_RUNPATH_SEARCH_PATHS = (
					"$(inherited)",
					"@executable_path/Frameworks",
				);
				PRODUCT_BUNDLE_IDENTIFIER = "sosciclista.com.SOS-Ciclista";
				PRODUCT_NAME = "$(TARGET_NAME)";
				SWIFT_OBJC_BRIDGING_HEADER = "SOS Ciclista/SWRevealViewController/SOS Ciclista-Bridging-Header.h";
				SWIFT_OPTIMIZATION_LEVEL = "-Onone";
				SWIFT_VERSION = 4.2;
				TARGETED_DEVICE_FAMILY = 1;
			};
			name = Debug;
		};
		8BB95C39222C8C4300ABA1F9 /* Release */ = {
			isa = XCBuildConfiguration;
			baseConfigurationReference = 2A9927F49D2B048CC70A133E /* Pods-SOS Ciclista.release.xcconfig */;
			buildSettings = {
				ASSETCATALOG_COMPILER_APPICON_NAME = AppIcon;
				CLANG_ENABLE_MODULES = YES;
				CODE_SIGN_STYLE = Automatic;
				DEVELOPMENT_TEAM = 954C95V3JL;
				INFOPLIST_FILE = "SOS Ciclista/Info.plist";
				IPHONEOS_DEPLOYMENT_TARGET = 10.0;
				LD_RUNPATH_SEARCH_PATHS = (
					"$(inherited)",
					"@executable_path/Frameworks",
				);
				PRODUCT_BUNDLE_IDENTIFIER = "sosciclista.com.SOS-Ciclista";
				PRODUCT_NAME = "$(TARGET_NAME)";
				SWIFT_OBJC_BRIDGING_HEADER = "SOS Ciclista/SWRevealViewController/SOS Ciclista-Bridging-Header.h";
				SWIFT_VERSION = 4.2;
				TARGETED_DEVICE_FAMILY = 1;
			};
			name = Release;
		};
/* End XCBuildConfiguration section */

/* Begin XCConfigurationList section */
		8BB95C1D222C8C4000ABA1F9 /* Build configuration list for PBXProject "SOS Ciclista" */ = {
			isa = XCConfigurationList;
			buildConfigurations = (
				8BB95C35222C8C4300ABA1F9 /* Debug */,
				8BB95C36222C8C4300ABA1F9 /* Release */,
			);
			defaultConfigurationIsVisible = 0;
			defaultConfigurationName = Release;
		};
		8BB95C37222C8C4300ABA1F9 /* Build configuration list for PBXNativeTarget "SOS Ciclista" */ = {
			isa = XCConfigurationList;
			buildConfigurations = (
				8BB95C38222C8C4300ABA1F9 /* Debug */,
				8BB95C39222C8C4300ABA1F9 /* Release */,
			);
			defaultConfigurationIsVisible = 0;
			defaultConfigurationName = Release;
		};
/* End XCConfigurationList section */

/* Begin XCVersionGroup section */
		8BB95C2C222C8C4000ABA1F9 /* SOS_Ciclista.xcdatamodeld */ = {
			isa = XCVersionGroup;
			children = (
				8BB95C2D222C8C4000ABA1F9 /* SOS_Ciclista.xcdatamodel */,
			);
			currentVersion = 8BB95C2D222C8C4000ABA1F9 /* SOS_Ciclista.xcdatamodel */;
			path = SOS_Ciclista.xcdatamodeld;
			sourceTree = "<group>";
			versionGroupType = wrapper.xcdatamodel;
		};
/* End XCVersionGroup section */
	};
	rootObject = 8BB95C1A222C8C4000ABA1F9 /* Project object */;
}
